
Microsoft Visual Studio Solution File, Format Version 12.00
# Visual Studio Version 16
VisualStudioVersion = 16.0.29025.244
MinimumVisualStudioVersion = 10.0.40219.1
Project("{9A19103F-16F7-4668-BE54-9A1E7A4F7556}") = "GameEngineCore", "GameEngineCore\GameEngineCore.csproj", "{067EE090-FC9F-44BE-AACD-83EB0CDFC77F}"
EndProject
Project("{8BC9CEB8-8B4A-11D0-8D11-00A0C91BC942}") = "CPPApp", "CPPApp\CPPApp.vcxproj", "{3C362DC9-431A-4D32-99BD-640ADD6DA8E9}"
EndProject
Project("{9A19103F-16F7-4668-BE54-9A1E7A4F7556}") = "SharpSDL", "src\SharpSDL\SharpSDL.csproj", "{8EB24CE0-8893-4EC0-B01A-AFD57C7423C9}"
EndProject
Project("{FAE04EC0-301F-11D3-BF4B-00C04F79EFBC}") = "SharpSDLGen", "src\SharpSDLGen\SharpSDLGen.csproj", "{A15D8146-A5B1-44A3-9964-4ECBE9A0C523}"
EndProject
Project("{2150E333-8FDC-42A3-9474-1A3956D46DE8}") = "Solution Items", "Solution Items", "{06FB49ED-A46E-4F93-97AB-D743CF6B7859}"
	ProjectSection(SolutionItems) = preProject
		.gitignore = .gitignore
	EndProjectSection
EndProject
Global
	GlobalSection(SolutionConfigurationPlatforms) = preSolution
		Debug|Any CPU = Debug|Any CPU
		Debug|x64 = Debug|x64
		Debug|x86 = Debug|x86
		Release|Any CPU = Release|Any CPU
		Release|x64 = Release|x64
		Release|x86 = Release|x86
	EndGlobalSection
	GlobalSection(ProjectConfigurationPlatforms) = postSolution
		{067EE090-FC9F-44BE-AACD-83EB0CDFC77F}.Debug|Any CPU.ActiveCfg = Debug|Any CPU
		{067EE090-FC9F-44BE-AACD-83EB0CDFC77F}.Debug|Any CPU.Build.0 = Debug|Any CPU
		{067EE090-FC9F-44BE-AACD-83EB0CDFC77F}.Debug|x64.ActiveCfg = Debug|Any CPU
		{067EE090-FC9F-44BE-AACD-83EB0CDFC77F}.Debug|x64.Build.0 = Debug|Any CPU
		{067EE090-FC9F-44BE-AACD-83EB0CDFC77F}.Debug|x86.ActiveCfg = Debug|Any CPU
		{067EE090-FC9F-44BE-AACD-83EB0CDFC77F}.Debug|x86.Build.0 = Debug|Any CPU
		{067EE090-FC9F-44BE-AACD-83EB0CDFC77F}.Release|Any CPU.ActiveCfg = Release|Any CPU
		{067EE090-FC9F-44BE-AACD-83EB0CDFC77F}.Release|Any CPU.Build.0 = Release|Any CPU
		{067EE090-FC9F-44BE-AACD-83EB0CDFC77F}.Release|x64.ActiveCfg = Release|Any CPU
		{067EE090-FC9F-44BE-AACD-83EB0CDFC77F}.Release|x64.Build.0 = Release|Any CPU
		{067EE090-FC9F-44BE-AACD-83EB0CDFC77F}.Release|x86.ActiveCfg = Release|Any CPU
		{067EE090-FC9F-44BE-AACD-83EB0CDFC77F}.Release|x86.Build.0 = Release|Any CPU
		{3C362DC9-431A-4D32-99BD-640ADD6DA8E9}.Debug|Any CPU.ActiveCfg = Debug|Win32
		{3C362DC9-431A-4D32-99BD-640ADD6DA8E9}.Debug|x64.ActiveCfg = Debug|x64
		{3C362DC9-431A-4D32-99BD-640ADD6DA8E9}.Debug|x86.ActiveCfg = Debug|Win32
		{3C362DC9-431A-4D32-99BD-640ADD6DA8E9}.Debug|x86.Build.0 = Debug|Win32
		{3C362DC9-431A-4D32-99BD-640ADD6DA8E9}.Release|Any CPU.ActiveCfg = Release|Win32
		{3C362DC9-431A-4D32-99BD-640ADD6DA8E9}.Release|x64.ActiveCfg = Release|x64
		{3C362DC9-431A-4D32-99BD-640ADD6DA8E9}.Release|x64.Build.0 = Release|x64
		{3C362DC9-431A-4D32-99BD-640ADD6DA8E9}.Release|x86.ActiveCfg = Release|Win32
		{3C362DC9-431A-4D32-99BD-640ADD6DA8E9}.Release|x86.Build.0 = Release|Win32
		{8EB24CE0-8893-4EC0-B01A-AFD57C7423C9}.Debug|Any CPU.ActiveCfg = Debug|Any CPU
		{8EB24CE0-8893-4EC0-B01A-AFD57C7423C9}.Debug|Any CPU.Build.0 = Debug|Any CPU
		{8EB24CE0-8893-4EC0-B01A-AFD57C7423C9}.Debug|x64.ActiveCfg = Debug|Any CPU
		{8EB24CE0-8893-4EC0-B01A-AFD57C7423C9}.Debug|x64.Build.0 = Debug|Any CPU
		{8EB24CE0-8893-4EC0-B01A-AFD57C7423C9}.Debug|x86.ActiveCfg = Debug|Any CPU
		{8EB24CE0-8893-4EC0-B01A-AFD57C7423C9}.Debug|x86.Build.0 = Debug|Any CPU
		{8EB24CE0-8893-4EC0-B01A-AFD57C7423C9}.Release|Any CPU.ActiveCfg = Release|Any CPU
		{8EB24CE0-8893-4EC0-B01A-AFD57C7423C9}.Release|Any CPU.Build.0 = Release|Any CPU
		{8EB24CE0-8893-4EC0-B01A-AFD57C7423C9}.Release|x64.ActiveCfg = Release|Any CPU
		{8EB24CE0-8893-4EC0-B01A-AFD57C7423C9}.Release|x64.Build.0 = Release|Any CPU
		{8EB24CE0-8893-4EC0-B01A-AFD57C7423C9}.Release|x86.ActiveCfg = Release|Any CPU
		{8EB24CE0-8893-4EC0-B01A-AFD57C7423C9}.Release|x86.Build.0 = Release|Any CPU
		{A15D8146-A5B1-44A3-9964-4ECBE9A0C523}.Debug|Any CPU.ActiveCfg = Debug|Any CPU
		{A15D8146-A5B1-44A3-9964-4ECBE9A0C523}.Debug|Any CPU.Build.0 = Debug|Any CPU
		{A15D8146-A5B1-44A3-9964-4ECBE9A0C523}.Debug|x64.ActiveCfg = Debug|x64
		{A15D8146-A5B1-44A3-9964-4ECBE9A0C523}.Debug|x64.Build.0 = Debug|x64
		{A15D8146-A5B1-44A3-9964-4ECBE9A0C523}.Debug|x86.ActiveCfg = Debug|Any CPU
		{A15D8146-A5B1-44A3-9964-4ECBE9A0C523}.Debug|x86.Build.0 = Debug|Any CPU
		{A15D8146-A5B1-44A3-9964-4ECBE9A0C523}.Release|Any CPU.ActiveCfg = Release|Any CPU
		{A15D8146-A5B1-44A3-9964-4ECBE9A0C523}.Release|Any CPU.Build.0 = Release|Any CPU
		{A15D8146-A5B1-44A3-9964-4ECBE9A0C523}.Release|x64.ActiveCfg = Release|Any CPU
		{A15D8146-A5B1-44A3-9964-4ECBE9A0C523}.Release|x64.Build.0 = Release|Any CPU
		{A15D8146-A5B1-44A3-9964-4ECBE9A0C523}.Release|x86.ActiveCfg = Release|Any CPU
		{A15D8146-A5B1-44A3-9964-4ECBE9A0C523}.Release|x86.Build.0 = Release|Any CPU
	EndGlobalSection
	GlobalSection(SolutionProperties) = preSolution
		HideSolutionNode = FALSE
	EndGlobalSection
	GlobalSection(ExtensibilityGlobals) = postSolution
		SolutionGuid = {F1B7900F-8D99-4DB6-8E51-F7F25DE808D4}
	EndGlobalSection
EndGlobal
